
Microsoft Visual Studio Solution File, Format Version 12.00
# Visual Studio Version 16
VisualStudioVersion = 16.0.29306.81
MinimumVisualStudioVersion = 10.0.40219.1
Project("{FAE04EC0-301F-11D3-BF4B-00C04F79EFBC}") = "ToDo.Core", "..\ToDoAPI\ToDo.Core\ToDo.Core.csproj", "{042BBC29-C2AE-4DE9-96D1-EF01281D5C70}"
EndProject
Project("{FAE04EC0-301F-11D3-BF4B-00C04F79EFBC}") = "ToDo.WPFClient", "ToDo.WPFClient\ToDo.WPFClient.csproj", "{D47578B9-150C-4E56-A3AB-F86BE2991182}"
EndProject
Project("{FAE04EC0-301F-11D3-BF4B-00C04F79EFBC}") = "TodoUnitTests", "TodoUnitTests\TodoUnitTests.csproj", "{091180F8-EBE5-44AC-9647-E30DE29F3610}"
EndProject
Global
	GlobalSection(SolutionConfigurationPlatforms) = preSolution
		Debug|Any CPU = Debug|Any CPU
		Release|Any CPU = Release|Any CPU
	EndGlobalSection
	GlobalSection(ProjectConfigurationPlatforms) = postSolution
		{042BBC29-C2AE-4DE9-96D1-EF01281D5C70}.Debug|Any CPU.ActiveCfg = Debug|Any CPU
		{042BBC29-C2AE-4DE9-96D1-EF01281D5C70}.Debug|Any CPU.Build.0 = Debug|Any CPU
		{042BBC29-C2AE-4DE9-96D1-EF01281D5C70}.Release|Any CPU.ActiveCfg = Release|Any CPU
		{042BBC29-C2AE-4DE9-96D1-EF01281D5C70}.Release|Any CPU.Build.0 = Release|Any CPU
		{D47578B9-150C-4E56-A3AB-F86BE2991182}.Debug|Any CPU.ActiveCfg = Debug|Any CPU
		{D47578B9-150C-4E56-A3AB-F86BE2991182}.Debug|Any CPU.Build.0 = Debug|Any CPU
		{D47578B9-150C-4E56-A3AB-F86BE2991182}.Release|Any CPU.ActiveCfg = Release|Any CPU
		{D47578B9-150C-4E56-A3AB-F86BE2991182}.Release|Any CPU.Build.0 = Release|Any CPU
		{091180F8-EBE5-44AC-9647-E30DE29F3610}.Debug|Any CPU.ActiveCfg = Debug|Any CPU
		{091180F8-EBE5-44AC-9647-E30DE29F3610}.Debug|Any CPU.Build.0 = Debug|Any CPU
		{091180F8-EBE5-44AC-9647-E30DE29F3610}.Release|Any CPU.ActiveCfg = Release|Any CPU
		{091180F8-EBE5-44AC-9647-E30DE29F3610}.Release|Any CPU.Build.0 = Release|Any CPU
	EndGlobalSection
	GlobalSection(SolutionProperties) = preSolution
		HideSolutionNode = FALSE
	EndGlobalSection
	GlobalSection(ExtensibilityGlobals) = postSolution
		SolutionGuid = {5D821563-0392-49D0-81A2-24ED66732E6B}
	EndGlobalSection
EndGlobal
